
Microsoft Visual Studio Solution File, Format Version 12.00
# Visual Studio 15
VisualStudioVersion = 15.0.27130.2010
MinimumVisualStudioVersion = 10.0.40219.1
Project("{FAE04EC0-301F-11D3-BF4B-00C04F79EFBC}") = "SuperSportDataEngine.Application.Service.SchedulerClient", "SuperSportDataEngine.Application.Service.SchedulerClient\SuperSportDataEngine.Application.Service.SchedulerClient.csproj", "{73B00FC5-F746-4B2D-8B8B-075B22B41F8B}"
EndProject
Project("{FAE04EC0-301F-11D3-BF4B-00C04F79EFBC}") = "SuperSportDataEngine.Application.Service.SchedulerIngestServer", "SuperSportDataEngine.Application.Service.SchedulerIngestServer\SuperSportDataEngine.Application.Service.SchedulerIngestServer.csproj", "{CAA05A7F-7D77-42AB-936B-BA9A23A843D3}"
EndProject
Project("{FAE04EC0-301F-11D3-BF4B-00C04F79EFBC}") = "SuperSportDataEngine.Application.Service.InboundIngestServer", "SuperSportDataEngine.Application.Service.InboundIngestServer\SuperSportDataEngine.Application.Service.InboundIngestServer.csproj", "{E69C3988-4CBB-42C2-8BF8-471ADBC11078}"
EndProject
Project("{FAE04EC0-301F-11D3-BF4B-00C04F79EFBC}") = "SuperSportDataEngine.Application.WebApi.SystemApi", "SuperSportDataEngine.Application.WebApi.SystemApi\SuperSportDataEngine.Application.WebApi.SystemApi.csproj", "{322380EE-E9B2-4374-965C-95D3BD341910}"
EndProject
Project("{FAE04EC0-301F-11D3-BF4B-00C04F79EFBC}") = "SuperSportDataEngine.Application.WebApi.PublicApi", "SuperSportDataEngine.Application.WebApi.PublicApi\SuperSportDataEngine.Application.WebApi.PublicApi.csproj", "{21BA781B-3D74-44E0-B5EE-ADFAD7FE35F4}"
EndProject
Project("{FAE04EC0-301F-11D3-BF4B-00C04F79EFBC}") = "SuperSportDataEngine.Application.WebApi.InboundApi", "SuperSportDataEngine.Application.WebApi.InboundApi\SuperSportDataEngine.Application.WebApi.InboundApi.csproj", "{71B65743-D529-418C-BDB3-94C6F1FE43FD}"
EndProject
Project("{FAE04EC0-301F-11D3-BF4B-00C04F79EFBC}") = "SuperSportDataEngine.Application.WebApi.LegacyFeed", "SuperSportDataEngine.Application.WebApi.LegacyFeed\SuperSportDataEngine.Application.WebApi.LegacyFeed.csproj", "{385B4757-4A74-46DD-95F4-F6424662F8FE}"
EndProject
Project("{FAE04EC0-301F-11D3-BF4B-00C04F79EFBC}") = "SuperSportDataEngine.ApplicationLogic", "SuperSportDataEngine.ApplicationLogic\SuperSportDataEngine.ApplicationLogic.csproj", "{F420939C-B6A6-4C3A-975E-E30E654C4A90}"
EndProject
Project("{FAE04EC0-301F-11D3-BF4B-00C04F79EFBC}") = "SuperSportDataEngine.Common", "SuperSportDataEngine.Common\SuperSportDataEngine.Common.csproj", "{BBE845AF-8B84-4B61-ABD7-724ACA22AB69}"
EndProject
Project("{FAE04EC0-301F-11D3-BF4B-00C04F79EFBC}") = "SuperSportDataEngine.Repository.EntityFramework.PublicSportData", "SuperSportDataEngine.Repository.EntityFramework.PublicSportData\SuperSportDataEngine.Repository.EntityFramework.PublicSportData.csproj", "{F770C6D0-4B92-40D7-A53F-DA1AD9240324}"
EndProject
Project("{FAE04EC0-301F-11D3-BF4B-00C04F79EFBC}") = "SuperSportDataEngine.Repository.EntityFramework.SystemSportData", "SuperSportDataEngine.Repository.EntityFramework.SystemSportData\SuperSportDataEngine.Repository.EntityFramework.SystemSportData.csproj", "{D7820AE4-EFB5-4BDA-B672-FE89A40F468A}"
EndProject
Project("{FAE04EC0-301F-11D3-BF4B-00C04F79EFBC}") = "SuperSportDataEngine.Repository.MongoDb.PayloadData", "SuperSportDataEngine.Repository.MongoDb.PayloadData\SuperSportDataEngine.Repository.MongoDb.PayloadData.csproj", "{BC67A79A-3884-4022-B1B6-04C7C58CFA2D}"
EndProject
Project("{FAE04EC0-301F-11D3-BF4B-00C04F79EFBC}") = "SuperSportDataEngine.Gateway.Http.Common", "SuperSportDataEngine.Gateway.Http.Common\SuperSportDataEngine.Gateway.Http.Common.csproj", "{CD67700A-1C91-4D24-83C0-CFCC4CE7B4D3}"
EndProject
Project("{FAE04EC0-301F-11D3-BF4B-00C04F79EFBC}") = "SuperSportDataEngine.Gateway.Http.StatsProzone", "SuperSportDataEngine.Gateway.Http.StatsProzone\SuperSportDataEngine.Gateway.Http.StatsProzone.csproj", "{90E43DAD-2892-4438-92E1-B1966B6AAAEC}"
EndProject
Project("{FAE04EC0-301F-11D3-BF4B-00C04F79EFBC}") = "SuperSportDataEngine.Gateway.Ftp.Common", "SuperSportDataEngine.Gateway.Ftp.Common\SuperSportDataEngine.Gateway.Ftp.Common.csproj", "{93FDB966-6726-4F6A-8B57-79F78F5E8F77}"
EndProject
Project("{FAE04EC0-301F-11D3-BF4B-00C04F79EFBC}") = "SuperSportDataEngine.Application.Container", "SuperSportDataEngine.Application.Container\SuperSportDataEngine.Application.Container.csproj", "{333E8272-0D55-4398-899B-7E357FF5F3F3}"
EndProject
Project("{FAE04EC0-301F-11D3-BF4B-00C04F79EFBC}") = "SuperSportDataEngine.Application.Service.Common", "SuperSportDataEngine.Application.Service.Common\SuperSportDataEngine.Application.Service.Common.csproj", "{DFC450E7-2C81-48A8-9B3E-8ACC3A32FA12}"
EndProject
Project("{FAE04EC0-301F-11D3-BF4B-00C04F79EFBC}") = "SuperSportDataEngine.Repository.EntityFramework.Common", "SuperSportDataEngine.Repository.EntityFramework.Common\SuperSportDataEngine.Repository.EntityFramework.Common.csproj", "{4339EE97-496E-485D-A790-CA34258A27ED}"
EndProject
Project("{FAE04EC0-301F-11D3-BF4B-00C04F79EFBC}") = "SuperSportDataEngine.Application.WebApi.Common", "SuperSportDataEngine.Application.WebApi.Common\SuperSportDataEngine.Application.WebApi.Common.csproj", "{06F1D111-A5D6-430F-A0A9-09921CC82A54}"
EndProject
Project("{FAE04EC0-301F-11D3-BF4B-00C04F79EFBC}") = "SuperSportDataEngine.Application.Service.SchedulerClient.Tests", "SuperSportDataEngine.Application.Service.SchedulerClient.Tests\SuperSportDataEngine.Application.Service.SchedulerClient.Tests.csproj", "{0B0EF383-DC8F-47CE-8C3C-8C61A013ADD3}"
EndProject
Project("{FAE04EC0-301F-11D3-BF4B-00C04F79EFBC}") = "SuperSportDataEngine.ApplicationLogic.Tests", "SuperSportDataEngine.ApplicationLogic.Tests\SuperSportDataEngine.ApplicationLogic.Tests.csproj", "{07CB3D5B-DE19-46E0-AFFB-19DF93F110A8}"
EndProject
Project("{FAE04EC0-301F-11D3-BF4B-00C04F79EFBC}") = "SuperSportDataEngine.Tests.Common", "SuperSportDataEngine.Tests.Common\SuperSportDataEngine.Tests.Common.csproj", "{65E69B64-F50A-477A-A355-F2B681ED6314}"
EndProject
Project("{FAE04EC0-301F-11D3-BF4B-00C04F79EFBC}") = "SuperSportDataEngine.Logging.NLog", "SuperSportDataEngine.Logging.NLog\SuperSportDataEngine.Logging.NLog.csproj", "{B07C451E-7B8B-406F-92CC-03B68F54E3AC}"
	ProjectSection(ProjectDependencies) = postProject
		{BBE845AF-8B84-4B61-ABD7-724ACA22AB69} = {BBE845AF-8B84-4B61-ABD7-724ACA22AB69}
	EndProjectSection
EndProject
Project("{2150E333-8FDC-42A3-9474-1A3956D46DE8}") = "Hangfire", "Hangfire", "{F0C66F43-4553-484A-AB49-9C16A609A7BE}"
EndProject
Project("{FAE04EC0-301F-11D3-BF4B-00C04F79EFBC}") = "Hangfire.Core", "Hangfire\Hangfire.Core\Hangfire.Core.csproj", "{C995EA9E-56EE-4951-8260-D94260A7F4C2}"
EndProject
Project("{FAE04EC0-301F-11D3-BF4B-00C04F79EFBC}") = "Hangfire.SqlServer", "Hangfire\Hangfire.SqlServer\Hangfire.SqlServer.csproj", "{A523C0E3-097D-4869-977F-15A717EA3E83}"
EndProject
Project("{FAE04EC0-301F-11D3-BF4B-00C04F79EFBC}") = "Hangfire.Dashboard.Authorization", "Hangfire\Hangfire.Dashboard.Authorization\Hangfire.Dashboard.Authorization.csproj", "{F7A61858-4830-4F2A-A16B-3C655D85598B}"
EndProject
Project("{FAE04EC0-301F-11D3-BF4B-00C04F79EFBC}") = "Hangfire.Unity", "Hangfire\Hangfire.Unity\Hangfire.Unity.csproj", "{05791F34-A9B8-42F3-A18B-4CDA7AF43307}"
EndProject
Project("{2150E333-8FDC-42A3-9474-1A3956D46DE8}") = "DB.Scripts", "DB.Scripts", "{52E4095D-958A-4275-8179-CE79343742EF}"
	ProjectSection(SolutionItems) = preProject
		DB.Scripts\Rugby_Cleanup_Public_Data.sql = DB.Scripts\Rugby_Cleanup_Public_Data.sql
		DB.Scripts\Rugby_Cleanup_System_Data.sql = DB.Scripts\Rugby_Cleanup_System_Data.sql
		DB.Scripts\Rugby_Enable_Tournaments.sql = DB.Scripts\Rugby_Enable_Tournaments.sql
		DB.Scripts\Rugby_Override_Tournaments_Names.sql = DB.Scripts\Rugby_Override_Tournaments_Names.sql
		DB.Scripts\Rugby_Override_Tournaments_Slugs.sql = DB.Scripts\Rugby_Override_Tournaments_Slugs.sql
		DB.Scripts\Rugby_Update_CMS_Team_Names.sql = DB.Scripts\Rugby_Update_CMS_Team_Names.sql
		DB.Scripts\SetHasLogsForTournaments.sql = DB.Scripts\SetHasLogsForTournaments.sql
		DB.Scripts\SetLiveScoredTournaments.sql = DB.Scripts\SetLiveScoredTournaments.sql
	EndProjectSection
EndProject
Project("{FAE04EC0-301F-11D3-BF4B-00C04F79EFBC}") = "SuperSportDataEngine.Gateway.Http.DeprecatedFeed", "SuperSportDataEngine.Gateway.Http.DeprecatedFeed\SuperSportDataEngine.Gateway.Http.DeprecatedFeed.csproj", "{E1F85CF9-339F-47E2-99CA-AFB021210DBF}"
EndProject
Project("{FAE04EC0-301F-11D3-BF4B-00C04F79EFBC}") = "SuperSportDataEngine.Application.WebApi.LegacyFeed.Tests", "SuperSportDataEngine.Application.WebApi.LegacyFeed.Tests\SuperSportDataEngine.Application.WebApi.LegacyFeed.Tests.csproj", "{83D98E26-CFBD-4C45-B17F-9B32F86ABD36}"
EndProject
Project("{FAE04EC0-301F-11D3-BF4B-00C04F79EFBC}") = "SuperSportDataEngine.Gateway.Http.Stats", "SuperSportDataEngine.Gateway.Http.Stats\SuperSportDataEngine.Gateway.Http.Stats.csproj", "{C3AEA7FF-D0A4-473A-8B49-AA52EF7058A6}"
EndProject
Project("{2150E333-8FDC-42A3-9474-1A3956D46DE8}") = "SuperSportDataEngine.Application.WebApi.LegacyFeed.IIS.Setup.Scripts", "SuperSportDataEngine.Application.WebApi.LegacyFeed.IIS.Setup.Scripts", "{AECFD9B2-CD25-4200-A710-E5359CE53105}"
	ProjectSection(SolutionItems) = preProject
		configure-ssde-feed-app-pool-settings.ps1 = configure-ssde-feed-app-pool-settings.ps1
	EndProjectSection
EndProject
Project("{FAE04EC0-301F-11D3-BF4B-00C04F79EFBC}") = "SuperSportDataEngine.Logging.NLog.MSTeams", "SuperSportDataEngine.Logging.NLog.MSTeams\SuperSportDataEngine.Logging.NLog.MSTeams.csproj", "{C0E4A7B6-A4A1-4162-9191-8B54C8FB87F1}"
EndProject
Global
	GlobalSection(SolutionConfigurationPlatforms) = preSolution
		Debug|Any CPU = Debug|Any CPU
		Prod|Any CPU = Prod|Any CPU
		QA|Any CPU = QA|Any CPU
		Release|Any CPU = Release|Any CPU
		Staging|Any CPU = Staging|Any CPU
	EndGlobalSection
	GlobalSection(ProjectConfigurationPlatforms) = postSolution
		{73B00FC5-F746-4B2D-8B8B-075B22B41F8B}.Debug|Any CPU.ActiveCfg = Debug|Any CPU
		{73B00FC5-F746-4B2D-8B8B-075B22B41F8B}.Debug|Any CPU.Build.0 = Debug|Any CPU
		{73B00FC5-F746-4B2D-8B8B-075B22B41F8B}.Prod|Any CPU.ActiveCfg = Prod|Any CPU
		{73B00FC5-F746-4B2D-8B8B-075B22B41F8B}.Prod|Any CPU.Build.0 = Prod|Any CPU
		{73B00FC5-F746-4B2D-8B8B-075B22B41F8B}.QA|Any CPU.ActiveCfg = QA|Any CPU
		{73B00FC5-F746-4B2D-8B8B-075B22B41F8B}.QA|Any CPU.Build.0 = QA|Any CPU
		{73B00FC5-F746-4B2D-8B8B-075B22B41F8B}.Release|Any CPU.ActiveCfg = Release|Any CPU
		{73B00FC5-F746-4B2D-8B8B-075B22B41F8B}.Release|Any CPU.Build.0 = Release|Any CPU
		{73B00FC5-F746-4B2D-8B8B-075B22B41F8B}.Staging|Any CPU.ActiveCfg = Staging|Any CPU
		{73B00FC5-F746-4B2D-8B8B-075B22B41F8B}.Staging|Any CPU.Build.0 = Staging|Any CPU
		{CAA05A7F-7D77-42AB-936B-BA9A23A843D3}.Debug|Any CPU.ActiveCfg = Debug|Any CPU
		{CAA05A7F-7D77-42AB-936B-BA9A23A843D3}.Debug|Any CPU.Build.0 = Debug|Any CPU
		{CAA05A7F-7D77-42AB-936B-BA9A23A843D3}.Prod|Any CPU.ActiveCfg = Prod|Any CPU
		{CAA05A7F-7D77-42AB-936B-BA9A23A843D3}.Prod|Any CPU.Build.0 = Prod|Any CPU
		{CAA05A7F-7D77-42AB-936B-BA9A23A843D3}.QA|Any CPU.ActiveCfg = QA|Any CPU
		{CAA05A7F-7D77-42AB-936B-BA9A23A843D3}.QA|Any CPU.Build.0 = QA|Any CPU
		{CAA05A7F-7D77-42AB-936B-BA9A23A843D3}.Release|Any CPU.ActiveCfg = Release|Any CPU
		{CAA05A7F-7D77-42AB-936B-BA9A23A843D3}.Release|Any CPU.Build.0 = Release|Any CPU
		{CAA05A7F-7D77-42AB-936B-BA9A23A843D3}.Staging|Any CPU.ActiveCfg = Staging|Any CPU
		{CAA05A7F-7D77-42AB-936B-BA9A23A843D3}.Staging|Any CPU.Build.0 = Staging|Any CPU
		{E69C3988-4CBB-42C2-8BF8-471ADBC11078}.Debug|Any CPU.ActiveCfg = Debug|Any CPU
		{E69C3988-4CBB-42C2-8BF8-471ADBC11078}.Debug|Any CPU.Build.0 = Debug|Any CPU
		{E69C3988-4CBB-42C2-8BF8-471ADBC11078}.Prod|Any CPU.ActiveCfg = Prod|Any CPU
		{E69C3988-4CBB-42C2-8BF8-471ADBC11078}.Prod|Any CPU.Build.0 = Prod|Any CPU
		{E69C3988-4CBB-42C2-8BF8-471ADBC11078}.QA|Any CPU.ActiveCfg = QA|Any CPU
		{E69C3988-4CBB-42C2-8BF8-471ADBC11078}.QA|Any CPU.Build.0 = QA|Any CPU
		{E69C3988-4CBB-42C2-8BF8-471ADBC11078}.Release|Any CPU.ActiveCfg = Release|Any CPU
		{E69C3988-4CBB-42C2-8BF8-471ADBC11078}.Release|Any CPU.Build.0 = Release|Any CPU
		{E69C3988-4CBB-42C2-8BF8-471ADBC11078}.Staging|Any CPU.ActiveCfg = Staging|Any CPU
		{E69C3988-4CBB-42C2-8BF8-471ADBC11078}.Staging|Any CPU.Build.0 = Staging|Any CPU
		{322380EE-E9B2-4374-965C-95D3BD341910}.Debug|Any CPU.ActiveCfg = Debug|Any CPU
		{322380EE-E9B2-4374-965C-95D3BD341910}.Debug|Any CPU.Build.0 = Debug|Any CPU
		{322380EE-E9B2-4374-965C-95D3BD341910}.Prod|Any CPU.ActiveCfg = Prod|Any CPU
		{322380EE-E9B2-4374-965C-95D3BD341910}.Prod|Any CPU.Build.0 = Prod|Any CPU
		{322380EE-E9B2-4374-965C-95D3BD341910}.QA|Any CPU.ActiveCfg = QA|Any CPU
		{322380EE-E9B2-4374-965C-95D3BD341910}.QA|Any CPU.Build.0 = QA|Any CPU
		{322380EE-E9B2-4374-965C-95D3BD341910}.Release|Any CPU.ActiveCfg = Release|Any CPU
		{322380EE-E9B2-4374-965C-95D3BD341910}.Release|Any CPU.Build.0 = Release|Any CPU
		{322380EE-E9B2-4374-965C-95D3BD341910}.Staging|Any CPU.ActiveCfg = Staging|Any CPU
		{322380EE-E9B2-4374-965C-95D3BD341910}.Staging|Any CPU.Build.0 = Staging|Any CPU
		{21BA781B-3D74-44E0-B5EE-ADFAD7FE35F4}.Debug|Any CPU.ActiveCfg = Debug|Any CPU
		{21BA781B-3D74-44E0-B5EE-ADFAD7FE35F4}.Debug|Any CPU.Build.0 = Debug|Any CPU
		{21BA781B-3D74-44E0-B5EE-ADFAD7FE35F4}.Prod|Any CPU.ActiveCfg = Prod|Any CPU
		{21BA781B-3D74-44E0-B5EE-ADFAD7FE35F4}.Prod|Any CPU.Build.0 = Prod|Any CPU
		{21BA781B-3D74-44E0-B5EE-ADFAD7FE35F4}.QA|Any CPU.ActiveCfg = QA|Any CPU
		{21BA781B-3D74-44E0-B5EE-ADFAD7FE35F4}.QA|Any CPU.Build.0 = QA|Any CPU
		{21BA781B-3D74-44E0-B5EE-ADFAD7FE35F4}.Release|Any CPU.ActiveCfg = Release|Any CPU
		{21BA781B-3D74-44E0-B5EE-ADFAD7FE35F4}.Release|Any CPU.Build.0 = Release|Any CPU
		{21BA781B-3D74-44E0-B5EE-ADFAD7FE35F4}.Staging|Any CPU.ActiveCfg = Staging|Any CPU
		{21BA781B-3D74-44E0-B5EE-ADFAD7FE35F4}.Staging|Any CPU.Build.0 = Staging|Any CPU
		{71B65743-D529-418C-BDB3-94C6F1FE43FD}.Debug|Any CPU.ActiveCfg = Debug|Any CPU
		{71B65743-D529-418C-BDB3-94C6F1FE43FD}.Debug|Any CPU.Build.0 = Debug|Any CPU
		{71B65743-D529-418C-BDB3-94C6F1FE43FD}.Prod|Any CPU.ActiveCfg = Prod|Any CPU
		{71B65743-D529-418C-BDB3-94C6F1FE43FD}.Prod|Any CPU.Build.0 = Prod|Any CPU
		{71B65743-D529-418C-BDB3-94C6F1FE43FD}.QA|Any CPU.ActiveCfg = QA|Any CPU
		{71B65743-D529-418C-BDB3-94C6F1FE43FD}.QA|Any CPU.Build.0 = QA|Any CPU
		{71B65743-D529-418C-BDB3-94C6F1FE43FD}.Release|Any CPU.ActiveCfg = Release|Any CPU
		{71B65743-D529-418C-BDB3-94C6F1FE43FD}.Release|Any CPU.Build.0 = Release|Any CPU
		{71B65743-D529-418C-BDB3-94C6F1FE43FD}.Staging|Any CPU.ActiveCfg = Staging|Any CPU
		{71B65743-D529-418C-BDB3-94C6F1FE43FD}.Staging|Any CPU.Build.0 = Staging|Any CPU
		{385B4757-4A74-46DD-95F4-F6424662F8FE}.Debug|Any CPU.ActiveCfg = Debug|Any CPU
		{385B4757-4A74-46DD-95F4-F6424662F8FE}.Debug|Any CPU.Build.0 = Debug|Any CPU
		{385B4757-4A74-46DD-95F4-F6424662F8FE}.Prod|Any CPU.ActiveCfg = Prod|Any CPU
		{385B4757-4A74-46DD-95F4-F6424662F8FE}.Prod|Any CPU.Build.0 = Prod|Any CPU
		{385B4757-4A74-46DD-95F4-F6424662F8FE}.QA|Any CPU.ActiveCfg = QA|Any CPU
		{385B4757-4A74-46DD-95F4-F6424662F8FE}.QA|Any CPU.Build.0 = QA|Any CPU
		{385B4757-4A74-46DD-95F4-F6424662F8FE}.Release|Any CPU.ActiveCfg = Release|Any CPU
		{385B4757-4A74-46DD-95F4-F6424662F8FE}.Release|Any CPU.Build.0 = Release|Any CPU
		{385B4757-4A74-46DD-95F4-F6424662F8FE}.Staging|Any CPU.ActiveCfg = Staging|Any CPU
		{385B4757-4A74-46DD-95F4-F6424662F8FE}.Staging|Any CPU.Build.0 = Staging|Any CPU
		{F420939C-B6A6-4C3A-975E-E30E654C4A90}.Debug|Any CPU.ActiveCfg = Debug|Any CPU
		{F420939C-B6A6-4C3A-975E-E30E654C4A90}.Debug|Any CPU.Build.0 = Debug|Any CPU
		{F420939C-B6A6-4C3A-975E-E30E654C4A90}.Prod|Any CPU.ActiveCfg = Prod|Any CPU
		{F420939C-B6A6-4C3A-975E-E30E654C4A90}.Prod|Any CPU.Build.0 = Prod|Any CPU
		{F420939C-B6A6-4C3A-975E-E30E654C4A90}.QA|Any CPU.ActiveCfg = QA|Any CPU
		{F420939C-B6A6-4C3A-975E-E30E654C4A90}.QA|Any CPU.Build.0 = QA|Any CPU
		{F420939C-B6A6-4C3A-975E-E30E654C4A90}.Release|Any CPU.ActiveCfg = Release|Any CPU
		{F420939C-B6A6-4C3A-975E-E30E654C4A90}.Release|Any CPU.Build.0 = Release|Any CPU
		{F420939C-B6A6-4C3A-975E-E30E654C4A90}.Staging|Any CPU.ActiveCfg = Staging|Any CPU
		{F420939C-B6A6-4C3A-975E-E30E654C4A90}.Staging|Any CPU.Build.0 = Staging|Any CPU
		{BBE845AF-8B84-4B61-ABD7-724ACA22AB69}.Debug|Any CPU.ActiveCfg = Debug|Any CPU
		{BBE845AF-8B84-4B61-ABD7-724ACA22AB69}.Debug|Any CPU.Build.0 = Debug|Any CPU
		{BBE845AF-8B84-4B61-ABD7-724ACA22AB69}.Prod|Any CPU.ActiveCfg = Prod|Any CPU
		{BBE845AF-8B84-4B61-ABD7-724ACA22AB69}.Prod|Any CPU.Build.0 = Prod|Any CPU
		{BBE845AF-8B84-4B61-ABD7-724ACA22AB69}.QA|Any CPU.ActiveCfg = QA|Any CPU
		{BBE845AF-8B84-4B61-ABD7-724ACA22AB69}.QA|Any CPU.Build.0 = QA|Any CPU
		{BBE845AF-8B84-4B61-ABD7-724ACA22AB69}.Release|Any CPU.ActiveCfg = Release|Any CPU
		{BBE845AF-8B84-4B61-ABD7-724ACA22AB69}.Release|Any CPU.Build.0 = Release|Any CPU
		{BBE845AF-8B84-4B61-ABD7-724ACA22AB69}.Staging|Any CPU.ActiveCfg = Staging|Any CPU
		{BBE845AF-8B84-4B61-ABD7-724ACA22AB69}.Staging|Any CPU.Build.0 = Staging|Any CPU
		{F770C6D0-4B92-40D7-A53F-DA1AD9240324}.Debug|Any CPU.ActiveCfg = Debug|Any CPU
		{F770C6D0-4B92-40D7-A53F-DA1AD9240324}.Debug|Any CPU.Build.0 = Debug|Any CPU
		{F770C6D0-4B92-40D7-A53F-DA1AD9240324}.Prod|Any CPU.ActiveCfg = Prod|Any CPU
		{F770C6D0-4B92-40D7-A53F-DA1AD9240324}.Prod|Any CPU.Build.0 = Prod|Any CPU
		{F770C6D0-4B92-40D7-A53F-DA1AD9240324}.QA|Any CPU.ActiveCfg = QA|Any CPU
		{F770C6D0-4B92-40D7-A53F-DA1AD9240324}.QA|Any CPU.Build.0 = QA|Any CPU
		{F770C6D0-4B92-40D7-A53F-DA1AD9240324}.Release|Any CPU.ActiveCfg = Release|Any CPU
		{F770C6D0-4B92-40D7-A53F-DA1AD9240324}.Release|Any CPU.Build.0 = Release|Any CPU
		{F770C6D0-4B92-40D7-A53F-DA1AD9240324}.Staging|Any CPU.ActiveCfg = Staging|Any CPU
		{F770C6D0-4B92-40D7-A53F-DA1AD9240324}.Staging|Any CPU.Build.0 = Staging|Any CPU
		{D7820AE4-EFB5-4BDA-B672-FE89A40F468A}.Debug|Any CPU.ActiveCfg = Debug|Any CPU
		{D7820AE4-EFB5-4BDA-B672-FE89A40F468A}.Debug|Any CPU.Build.0 = Debug|Any CPU
		{D7820AE4-EFB5-4BDA-B672-FE89A40F468A}.Prod|Any CPU.ActiveCfg = Prod|Any CPU
		{D7820AE4-EFB5-4BDA-B672-FE89A40F468A}.Prod|Any CPU.Build.0 = Prod|Any CPU
		{D7820AE4-EFB5-4BDA-B672-FE89A40F468A}.QA|Any CPU.ActiveCfg = QA|Any CPU
		{D7820AE4-EFB5-4BDA-B672-FE89A40F468A}.QA|Any CPU.Build.0 = QA|Any CPU
		{D7820AE4-EFB5-4BDA-B672-FE89A40F468A}.Release|Any CPU.ActiveCfg = Release|Any CPU
		{D7820AE4-EFB5-4BDA-B672-FE89A40F468A}.Release|Any CPU.Build.0 = Release|Any CPU
		{D7820AE4-EFB5-4BDA-B672-FE89A40F468A}.Staging|Any CPU.ActiveCfg = Staging|Any CPU
		{D7820AE4-EFB5-4BDA-B672-FE89A40F468A}.Staging|Any CPU.Build.0 = Staging|Any CPU
		{BC67A79A-3884-4022-B1B6-04C7C58CFA2D}.Debug|Any CPU.ActiveCfg = Debug|Any CPU
		{BC67A79A-3884-4022-B1B6-04C7C58CFA2D}.Debug|Any CPU.Build.0 = Debug|Any CPU
		{BC67A79A-3884-4022-B1B6-04C7C58CFA2D}.Prod|Any CPU.ActiveCfg = Prod|Any CPU
		{BC67A79A-3884-4022-B1B6-04C7C58CFA2D}.Prod|Any CPU.Build.0 = Prod|Any CPU
		{BC67A79A-3884-4022-B1B6-04C7C58CFA2D}.QA|Any CPU.ActiveCfg = QA|Any CPU
		{BC67A79A-3884-4022-B1B6-04C7C58CFA2D}.QA|Any CPU.Build.0 = QA|Any CPU
		{BC67A79A-3884-4022-B1B6-04C7C58CFA2D}.Release|Any CPU.ActiveCfg = Release|Any CPU
		{BC67A79A-3884-4022-B1B6-04C7C58CFA2D}.Release|Any CPU.Build.0 = Release|Any CPU
		{BC67A79A-3884-4022-B1B6-04C7C58CFA2D}.Staging|Any CPU.ActiveCfg = Staging|Any CPU
		{BC67A79A-3884-4022-B1B6-04C7C58CFA2D}.Staging|Any CPU.Build.0 = Staging|Any CPU
		{CD67700A-1C91-4D24-83C0-CFCC4CE7B4D3}.Debug|Any CPU.ActiveCfg = Debug|Any CPU
		{CD67700A-1C91-4D24-83C0-CFCC4CE7B4D3}.Debug|Any CPU.Build.0 = Debug|Any CPU
		{CD67700A-1C91-4D24-83C0-CFCC4CE7B4D3}.Prod|Any CPU.ActiveCfg = Prod|Any CPU
		{CD67700A-1C91-4D24-83C0-CFCC4CE7B4D3}.Prod|Any CPU.Build.0 = Prod|Any CPU
		{CD67700A-1C91-4D24-83C0-CFCC4CE7B4D3}.QA|Any CPU.ActiveCfg = QA|Any CPU
		{CD67700A-1C91-4D24-83C0-CFCC4CE7B4D3}.QA|Any CPU.Build.0 = QA|Any CPU
		{CD67700A-1C91-4D24-83C0-CFCC4CE7B4D3}.Release|Any CPU.ActiveCfg = Release|Any CPU
		{CD67700A-1C91-4D24-83C0-CFCC4CE7B4D3}.Release|Any CPU.Build.0 = Release|Any CPU
		{CD67700A-1C91-4D24-83C0-CFCC4CE7B4D3}.Staging|Any CPU.ActiveCfg = Staging|Any CPU
		{CD67700A-1C91-4D24-83C0-CFCC4CE7B4D3}.Staging|Any CPU.Build.0 = Staging|Any CPU
		{90E43DAD-2892-4438-92E1-B1966B6AAAEC}.Debug|Any CPU.ActiveCfg = Debug|Any CPU
		{90E43DAD-2892-4438-92E1-B1966B6AAAEC}.Debug|Any CPU.Build.0 = Debug|Any CPU
		{90E43DAD-2892-4438-92E1-B1966B6AAAEC}.Prod|Any CPU.ActiveCfg = Prod|Any CPU
		{90E43DAD-2892-4438-92E1-B1966B6AAAEC}.Prod|Any CPU.Build.0 = Prod|Any CPU
		{90E43DAD-2892-4438-92E1-B1966B6AAAEC}.QA|Any CPU.ActiveCfg = QA|Any CPU
		{90E43DAD-2892-4438-92E1-B1966B6AAAEC}.QA|Any CPU.Build.0 = QA|Any CPU
		{90E43DAD-2892-4438-92E1-B1966B6AAAEC}.Release|Any CPU.ActiveCfg = Release|Any CPU
		{90E43DAD-2892-4438-92E1-B1966B6AAAEC}.Release|Any CPU.Build.0 = Release|Any CPU
		{90E43DAD-2892-4438-92E1-B1966B6AAAEC}.Staging|Any CPU.ActiveCfg = Staging|Any CPU
		{90E43DAD-2892-4438-92E1-B1966B6AAAEC}.Staging|Any CPU.Build.0 = Staging|Any CPU
		{93FDB966-6726-4F6A-8B57-79F78F5E8F77}.Debug|Any CPU.ActiveCfg = Debug|Any CPU
		{93FDB966-6726-4F6A-8B57-79F78F5E8F77}.Debug|Any CPU.Build.0 = Debug|Any CPU
		{93FDB966-6726-4F6A-8B57-79F78F5E8F77}.Prod|Any CPU.ActiveCfg = Prod|Any CPU
		{93FDB966-6726-4F6A-8B57-79F78F5E8F77}.Prod|Any CPU.Build.0 = Prod|Any CPU
		{93FDB966-6726-4F6A-8B57-79F78F5E8F77}.QA|Any CPU.ActiveCfg = QA|Any CPU
		{93FDB966-6726-4F6A-8B57-79F78F5E8F77}.QA|Any CPU.Build.0 = QA|Any CPU
		{93FDB966-6726-4F6A-8B57-79F78F5E8F77}.Release|Any CPU.ActiveCfg = Release|Any CPU
		{93FDB966-6726-4F6A-8B57-79F78F5E8F77}.Release|Any CPU.Build.0 = Release|Any CPU
		{93FDB966-6726-4F6A-8B57-79F78F5E8F77}.Staging|Any CPU.ActiveCfg = Staging|Any CPU
		{93FDB966-6726-4F6A-8B57-79F78F5E8F77}.Staging|Any CPU.Build.0 = Staging|Any CPU
		{333E8272-0D55-4398-899B-7E357FF5F3F3}.Debug|Any CPU.ActiveCfg = Debug|Any CPU
		{333E8272-0D55-4398-899B-7E357FF5F3F3}.Debug|Any CPU.Build.0 = Debug|Any CPU
		{333E8272-0D55-4398-899B-7E357FF5F3F3}.Prod|Any CPU.ActiveCfg = Prod|Any CPU
		{333E8272-0D55-4398-899B-7E357FF5F3F3}.Prod|Any CPU.Build.0 = Prod|Any CPU
		{333E8272-0D55-4398-899B-7E357FF5F3F3}.QA|Any CPU.ActiveCfg = QA|Any CPU
		{333E8272-0D55-4398-899B-7E357FF5F3F3}.QA|Any CPU.Build.0 = QA|Any CPU
		{333E8272-0D55-4398-899B-7E357FF5F3F3}.Release|Any CPU.ActiveCfg = Release|Any CPU
		{333E8272-0D55-4398-899B-7E357FF5F3F3}.Release|Any CPU.Build.0 = Release|Any CPU
		{333E8272-0D55-4398-899B-7E357FF5F3F3}.Staging|Any CPU.ActiveCfg = Staging|Any CPU
		{333E8272-0D55-4398-899B-7E357FF5F3F3}.Staging|Any CPU.Build.0 = Staging|Any CPU
		{DFC450E7-2C81-48A8-9B3E-8ACC3A32FA12}.Debug|Any CPU.ActiveCfg = Debug|Any CPU
		{DFC450E7-2C81-48A8-9B3E-8ACC3A32FA12}.Debug|Any CPU.Build.0 = Debug|Any CPU
		{DFC450E7-2C81-48A8-9B3E-8ACC3A32FA12}.Prod|Any CPU.ActiveCfg = Prod|Any CPU
		{DFC450E7-2C81-48A8-9B3E-8ACC3A32FA12}.Prod|Any CPU.Build.0 = Prod|Any CPU
		{DFC450E7-2C81-48A8-9B3E-8ACC3A32FA12}.QA|Any CPU.ActiveCfg = QA|Any CPU
		{DFC450E7-2C81-48A8-9B3E-8ACC3A32FA12}.QA|Any CPU.Build.0 = QA|Any CPU
		{DFC450E7-2C81-48A8-9B3E-8ACC3A32FA12}.Release|Any CPU.ActiveCfg = Release|Any CPU
		{DFC450E7-2C81-48A8-9B3E-8ACC3A32FA12}.Release|Any CPU.Build.0 = Release|Any CPU
		{DFC450E7-2C81-48A8-9B3E-8ACC3A32FA12}.Staging|Any CPU.ActiveCfg = Staging|Any CPU
		{DFC450E7-2C81-48A8-9B3E-8ACC3A32FA12}.Staging|Any CPU.Build.0 = Staging|Any CPU
		{4339EE97-496E-485D-A790-CA34258A27ED}.Debug|Any CPU.ActiveCfg = Debug|Any CPU
		{4339EE97-496E-485D-A790-CA34258A27ED}.Debug|Any CPU.Build.0 = Debug|Any CPU
		{4339EE97-496E-485D-A790-CA34258A27ED}.Prod|Any CPU.ActiveCfg = Prod|Any CPU
		{4339EE97-496E-485D-A790-CA34258A27ED}.Prod|Any CPU.Build.0 = Prod|Any CPU
		{4339EE97-496E-485D-A790-CA34258A27ED}.QA|Any CPU.ActiveCfg = QA|Any CPU
		{4339EE97-496E-485D-A790-CA34258A27ED}.QA|Any CPU.Build.0 = QA|Any CPU
		{4339EE97-496E-485D-A790-CA34258A27ED}.Release|Any CPU.ActiveCfg = Release|Any CPU
		{4339EE97-496E-485D-A790-CA34258A27ED}.Release|Any CPU.Build.0 = Release|Any CPU
		{4339EE97-496E-485D-A790-CA34258A27ED}.Staging|Any CPU.ActiveCfg = Staging|Any CPU
		{4339EE97-496E-485D-A790-CA34258A27ED}.Staging|Any CPU.Build.0 = Staging|Any CPU
		{06F1D111-A5D6-430F-A0A9-09921CC82A54}.Debug|Any CPU.ActiveCfg = Debug|Any CPU
		{06F1D111-A5D6-430F-A0A9-09921CC82A54}.Debug|Any CPU.Build.0 = Debug|Any CPU
		{06F1D111-A5D6-430F-A0A9-09921CC82A54}.Prod|Any CPU.ActiveCfg = Prod|Any CPU
		{06F1D111-A5D6-430F-A0A9-09921CC82A54}.Prod|Any CPU.Build.0 = Prod|Any CPU
		{06F1D111-A5D6-430F-A0A9-09921CC82A54}.QA|Any CPU.ActiveCfg = QA|Any CPU
		{06F1D111-A5D6-430F-A0A9-09921CC82A54}.QA|Any CPU.Build.0 = QA|Any CPU
		{06F1D111-A5D6-430F-A0A9-09921CC82A54}.Release|Any CPU.ActiveCfg = Release|Any CPU
		{06F1D111-A5D6-430F-A0A9-09921CC82A54}.Release|Any CPU.Build.0 = Release|Any CPU
		{06F1D111-A5D6-430F-A0A9-09921CC82A54}.Staging|Any CPU.ActiveCfg = Staging|Any CPU
		{06F1D111-A5D6-430F-A0A9-09921CC82A54}.Staging|Any CPU.Build.0 = Staging|Any CPU
		{0B0EF383-DC8F-47CE-8C3C-8C61A013ADD3}.Debug|Any CPU.ActiveCfg = Debug|Any CPU
		{0B0EF383-DC8F-47CE-8C3C-8C61A013ADD3}.Debug|Any CPU.Build.0 = Debug|Any CPU
		{0B0EF383-DC8F-47CE-8C3C-8C61A013ADD3}.Prod|Any CPU.ActiveCfg = Prod|Any CPU
		{0B0EF383-DC8F-47CE-8C3C-8C61A013ADD3}.Prod|Any CPU.Build.0 = Prod|Any CPU
		{0B0EF383-DC8F-47CE-8C3C-8C61A013ADD3}.QA|Any CPU.ActiveCfg = QA|Any CPU
		{0B0EF383-DC8F-47CE-8C3C-8C61A013ADD3}.QA|Any CPU.Build.0 = QA|Any CPU
		{0B0EF383-DC8F-47CE-8C3C-8C61A013ADD3}.Release|Any CPU.ActiveCfg = Release|Any CPU
		{0B0EF383-DC8F-47CE-8C3C-8C61A013ADD3}.Release|Any CPU.Build.0 = Release|Any CPU
		{0B0EF383-DC8F-47CE-8C3C-8C61A013ADD3}.Staging|Any CPU.ActiveCfg = Staging|Any CPU
		{0B0EF383-DC8F-47CE-8C3C-8C61A013ADD3}.Staging|Any CPU.Build.0 = Staging|Any CPU
		{07CB3D5B-DE19-46E0-AFFB-19DF93F110A8}.Debug|Any CPU.ActiveCfg = Debug|Any CPU
		{07CB3D5B-DE19-46E0-AFFB-19DF93F110A8}.Debug|Any CPU.Build.0 = Debug|Any CPU
		{07CB3D5B-DE19-46E0-AFFB-19DF93F110A8}.Prod|Any CPU.ActiveCfg = Prod|Any CPU
		{07CB3D5B-DE19-46E0-AFFB-19DF93F110A8}.Prod|Any CPU.Build.0 = Prod|Any CPU
		{07CB3D5B-DE19-46E0-AFFB-19DF93F110A8}.QA|Any CPU.ActiveCfg = QA|Any CPU
		{07CB3D5B-DE19-46E0-AFFB-19DF93F110A8}.QA|Any CPU.Build.0 = QA|Any CPU
		{07CB3D5B-DE19-46E0-AFFB-19DF93F110A8}.Release|Any CPU.ActiveCfg = Release|Any CPU
		{07CB3D5B-DE19-46E0-AFFB-19DF93F110A8}.Release|Any CPU.Build.0 = Release|Any CPU
		{07CB3D5B-DE19-46E0-AFFB-19DF93F110A8}.Staging|Any CPU.ActiveCfg = Staging|Any CPU
		{07CB3D5B-DE19-46E0-AFFB-19DF93F110A8}.Staging|Any CPU.Build.0 = Staging|Any CPU
		{65E69B64-F50A-477A-A355-F2B681ED6314}.Debug|Any CPU.ActiveCfg = Debug|Any CPU
		{65E69B64-F50A-477A-A355-F2B681ED6314}.Debug|Any CPU.Build.0 = Debug|Any CPU
		{65E69B64-F50A-477A-A355-F2B681ED6314}.Prod|Any CPU.ActiveCfg = Prod|Any CPU
		{65E69B64-F50A-477A-A355-F2B681ED6314}.Prod|Any CPU.Build.0 = Prod|Any CPU
		{65E69B64-F50A-477A-A355-F2B681ED6314}.QA|Any CPU.ActiveCfg = QA|Any CPU
		{65E69B64-F50A-477A-A355-F2B681ED6314}.QA|Any CPU.Build.0 = QA|Any CPU
		{65E69B64-F50A-477A-A355-F2B681ED6314}.Release|Any CPU.ActiveCfg = Release|Any CPU
		{65E69B64-F50A-477A-A355-F2B681ED6314}.Release|Any CPU.Build.0 = Release|Any CPU
		{65E69B64-F50A-477A-A355-F2B681ED6314}.Staging|Any CPU.ActiveCfg = Staging|Any CPU
		{65E69B64-F50A-477A-A355-F2B681ED6314}.Staging|Any CPU.Build.0 = Staging|Any CPU
		{B07C451E-7B8B-406F-92CC-03B68F54E3AC}.Debug|Any CPU.ActiveCfg = Debug|Any CPU
		{B07C451E-7B8B-406F-92CC-03B68F54E3AC}.Debug|Any CPU.Build.0 = Debug|Any CPU
		{B07C451E-7B8B-406F-92CC-03B68F54E3AC}.Prod|Any CPU.ActiveCfg = Release|Any CPU
		{B07C451E-7B8B-406F-92CC-03B68F54E3AC}.Prod|Any CPU.Build.0 = Release|Any CPU
		{B07C451E-7B8B-406F-92CC-03B68F54E3AC}.QA|Any CPU.ActiveCfg = Release|Any CPU
		{B07C451E-7B8B-406F-92CC-03B68F54E3AC}.QA|Any CPU.Build.0 = Release|Any CPU
		{B07C451E-7B8B-406F-92CC-03B68F54E3AC}.Release|Any CPU.ActiveCfg = Release|Any CPU
		{B07C451E-7B8B-406F-92CC-03B68F54E3AC}.Release|Any CPU.Build.0 = Release|Any CPU
		{B07C451E-7B8B-406F-92CC-03B68F54E3AC}.Staging|Any CPU.ActiveCfg = Release|Any CPU
		{B07C451E-7B8B-406F-92CC-03B68F54E3AC}.Staging|Any CPU.Build.0 = Release|Any CPU
		{C995EA9E-56EE-4951-8260-D94260A7F4C2}.Debug|Any CPU.ActiveCfg = Debug|Any CPU
		{C995EA9E-56EE-4951-8260-D94260A7F4C2}.Debug|Any CPU.Build.0 = Debug|Any CPU
		{C995EA9E-56EE-4951-8260-D94260A7F4C2}.Prod|Any CPU.ActiveCfg = Prod|Any CPU
		{C995EA9E-56EE-4951-8260-D94260A7F4C2}.Prod|Any CPU.Build.0 = Prod|Any CPU
		{C995EA9E-56EE-4951-8260-D94260A7F4C2}.QA|Any CPU.ActiveCfg = QA|Any CPU
		{C995EA9E-56EE-4951-8260-D94260A7F4C2}.QA|Any CPU.Build.0 = QA|Any CPU
		{C995EA9E-56EE-4951-8260-D94260A7F4C2}.Release|Any CPU.ActiveCfg = Release|Any CPU
		{C995EA9E-56EE-4951-8260-D94260A7F4C2}.Release|Any CPU.Build.0 = Release|Any CPU
		{C995EA9E-56EE-4951-8260-D94260A7F4C2}.Staging|Any CPU.ActiveCfg = Staging|Any CPU
		{C995EA9E-56EE-4951-8260-D94260A7F4C2}.Staging|Any CPU.Build.0 = Staging|Any CPU
		{A523C0E3-097D-4869-977F-15A717EA3E83}.Debug|Any CPU.ActiveCfg = Debug|Any CPU
		{A523C0E3-097D-4869-977F-15A717EA3E83}.Debug|Any CPU.Build.0 = Debug|Any CPU
		{A523C0E3-097D-4869-977F-15A717EA3E83}.Prod|Any CPU.ActiveCfg = Prod|Any CPU
		{A523C0E3-097D-4869-977F-15A717EA3E83}.Prod|Any CPU.Build.0 = Prod|Any CPU
		{A523C0E3-097D-4869-977F-15A717EA3E83}.QA|Any CPU.ActiveCfg = QA|Any CPU
		{A523C0E3-097D-4869-977F-15A717EA3E83}.QA|Any CPU.Build.0 = QA|Any CPU
		{A523C0E3-097D-4869-977F-15A717EA3E83}.Release|Any CPU.ActiveCfg = Release|Any CPU
		{A523C0E3-097D-4869-977F-15A717EA3E83}.Release|Any CPU.Build.0 = Release|Any CPU
		{A523C0E3-097D-4869-977F-15A717EA3E83}.Staging|Any CPU.ActiveCfg = Staging|Any CPU
		{A523C0E3-097D-4869-977F-15A717EA3E83}.Staging|Any CPU.Build.0 = Staging|Any CPU
		{F7A61858-4830-4F2A-A16B-3C655D85598B}.Debug|Any CPU.ActiveCfg = Debug|Any CPU
		{F7A61858-4830-4F2A-A16B-3C655D85598B}.Debug|Any CPU.Build.0 = Debug|Any CPU
		{F7A61858-4830-4F2A-A16B-3C655D85598B}.Prod|Any CPU.ActiveCfg = Prod|Any CPU
		{F7A61858-4830-4F2A-A16B-3C655D85598B}.Prod|Any CPU.Build.0 = Prod|Any CPU
		{F7A61858-4830-4F2A-A16B-3C655D85598B}.QA|Any CPU.ActiveCfg = QA|Any CPU
		{F7A61858-4830-4F2A-A16B-3C655D85598B}.QA|Any CPU.Build.0 = QA|Any CPU
		{F7A61858-4830-4F2A-A16B-3C655D85598B}.Release|Any CPU.ActiveCfg = Release|Any CPU
		{F7A61858-4830-4F2A-A16B-3C655D85598B}.Release|Any CPU.Build.0 = Release|Any CPU
		{F7A61858-4830-4F2A-A16B-3C655D85598B}.Staging|Any CPU.ActiveCfg = Staging|Any CPU
		{F7A61858-4830-4F2A-A16B-3C655D85598B}.Staging|Any CPU.Build.0 = Staging|Any CPU
		{05791F34-A9B8-42F3-A18B-4CDA7AF43307}.Debug|Any CPU.ActiveCfg = Debug|Any CPU
		{05791F34-A9B8-42F3-A18B-4CDA7AF43307}.Debug|Any CPU.Build.0 = Debug|Any CPU
		{05791F34-A9B8-42F3-A18B-4CDA7AF43307}.Prod|Any CPU.ActiveCfg = Prod|Any CPU
		{05791F34-A9B8-42F3-A18B-4CDA7AF43307}.Prod|Any CPU.Build.0 = Prod|Any CPU
		{05791F34-A9B8-42F3-A18B-4CDA7AF43307}.QA|Any CPU.ActiveCfg = QA|Any CPU
		{05791F34-A9B8-42F3-A18B-4CDA7AF43307}.QA|Any CPU.Build.0 = QA|Any CPU
		{05791F34-A9B8-42F3-A18B-4CDA7AF43307}.Release|Any CPU.ActiveCfg = Release|Any CPU
		{05791F34-A9B8-42F3-A18B-4CDA7AF43307}.Release|Any CPU.Build.0 = Release|Any CPU
		{05791F34-A9B8-42F3-A18B-4CDA7AF43307}.Staging|Any CPU.ActiveCfg = Staging|Any CPU
		{05791F34-A9B8-42F3-A18B-4CDA7AF43307}.Staging|Any CPU.Build.0 = Staging|Any CPU
		{E1F85CF9-339F-47E2-99CA-AFB021210DBF}.Debug|Any CPU.ActiveCfg = Debug|Any CPU
		{E1F85CF9-339F-47E2-99CA-AFB021210DBF}.Debug|Any CPU.Build.0 = Debug|Any CPU
		{E1F85CF9-339F-47E2-99CA-AFB021210DBF}.Prod|Any CPU.ActiveCfg = Release|Any CPU
		{E1F85CF9-339F-47E2-99CA-AFB021210DBF}.Prod|Any CPU.Build.0 = Release|Any CPU
		{E1F85CF9-339F-47E2-99CA-AFB021210DBF}.QA|Any CPU.ActiveCfg = Release|Any CPU
		{E1F85CF9-339F-47E2-99CA-AFB021210DBF}.QA|Any CPU.Build.0 = Release|Any CPU
		{E1F85CF9-339F-47E2-99CA-AFB021210DBF}.Release|Any CPU.ActiveCfg = Release|Any CPU
		{E1F85CF9-339F-47E2-99CA-AFB021210DBF}.Release|Any CPU.Build.0 = Release|Any CPU
		{E1F85CF9-339F-47E2-99CA-AFB021210DBF}.Staging|Any CPU.ActiveCfg = Release|Any CPU
		{E1F85CF9-339F-47E2-99CA-AFB021210DBF}.Staging|Any CPU.Build.0 = Release|Any CPU
		{83D98E26-CFBD-4C45-B17F-9B32F86ABD36}.Debug|Any CPU.ActiveCfg = Debug|Any CPU
		{83D98E26-CFBD-4C45-B17F-9B32F86ABD36}.Debug|Any CPU.Build.0 = Debug|Any CPU
		{83D98E26-CFBD-4C45-B17F-9B32F86ABD36}.Prod|Any CPU.ActiveCfg = Release|Any CPU
		{83D98E26-CFBD-4C45-B17F-9B32F86ABD36}.Prod|Any CPU.Build.0 = Release|Any CPU
		{83D98E26-CFBD-4C45-B17F-9B32F86ABD36}.QA|Any CPU.ActiveCfg = Release|Any CPU
		{83D98E26-CFBD-4C45-B17F-9B32F86ABD36}.QA|Any CPU.Build.0 = Release|Any CPU
		{83D98E26-CFBD-4C45-B17F-9B32F86ABD36}.Release|Any CPU.ActiveCfg = Release|Any CPU
		{83D98E26-CFBD-4C45-B17F-9B32F86ABD36}.Release|Any CPU.Build.0 = Release|Any CPU
		{83D98E26-CFBD-4C45-B17F-9B32F86ABD36}.Staging|Any CPU.ActiveCfg = Release|Any CPU
		{83D98E26-CFBD-4C45-B17F-9B32F86ABD36}.Staging|Any CPU.Build.0 = Release|Any CPU
		{C3AEA7FF-D0A4-473A-8B49-AA52EF7058A6}.Debug|Any CPU.ActiveCfg = Debug|Any CPU
		{C3AEA7FF-D0A4-473A-8B49-AA52EF7058A6}.Debug|Any CPU.Build.0 = Debug|Any CPU
		{C3AEA7FF-D0A4-473A-8B49-AA52EF7058A6}.Prod|Any CPU.ActiveCfg = Release|Any CPU
		{C3AEA7FF-D0A4-473A-8B49-AA52EF7058A6}.Prod|Any CPU.Build.0 = Release|Any CPU
		{C3AEA7FF-D0A4-473A-8B49-AA52EF7058A6}.QA|Any CPU.ActiveCfg = Release|Any CPU
		{C3AEA7FF-D0A4-473A-8B49-AA52EF7058A6}.QA|Any CPU.Build.0 = Release|Any CPU
		{C3AEA7FF-D0A4-473A-8B49-AA52EF7058A6}.Release|Any CPU.ActiveCfg = Release|Any CPU
		{C3AEA7FF-D0A4-473A-8B49-AA52EF7058A6}.Release|Any CPU.Build.0 = Release|Any CPU
		{C3AEA7FF-D0A4-473A-8B49-AA52EF7058A6}.Staging|Any CPU.ActiveCfg = Release|Any CPU
		{C3AEA7FF-D0A4-473A-8B49-AA52EF7058A6}.Staging|Any CPU.Build.0 = Release|Any CPU
		{C0E4A7B6-A4A1-4162-9191-8B54C8FB87F1}.Debug|Any CPU.ActiveCfg = Debug|Any CPU
		{C0E4A7B6-A4A1-4162-9191-8B54C8FB87F1}.Debug|Any CPU.Build.0 = Debug|Any CPU
		{C0E4A7B6-A4A1-4162-9191-8B54C8FB87F1}.Prod|Any CPU.ActiveCfg = Release|Any CPU
		{C0E4A7B6-A4A1-4162-9191-8B54C8FB87F1}.Prod|Any CPU.Build.0 = Release|Any CPU
		{C0E4A7B6-A4A1-4162-9191-8B54C8FB87F1}.QA|Any CPU.ActiveCfg = Release|Any CPU
		{C0E4A7B6-A4A1-4162-9191-8B54C8FB87F1}.QA|Any CPU.Build.0 = Release|Any CPU
		{C0E4A7B6-A4A1-4162-9191-8B54C8FB87F1}.Release|Any CPU.ActiveCfg = Release|Any CPU
		{C0E4A7B6-A4A1-4162-9191-8B54C8FB87F1}.Release|Any CPU.Build.0 = Release|Any CPU
		{C0E4A7B6-A4A1-4162-9191-8B54C8FB87F1}.Staging|Any CPU.ActiveCfg = Release|Any CPU
		{C0E4A7B6-A4A1-4162-9191-8B54C8FB87F1}.Staging|Any CPU.Build.0 = Release|Any CPU
	EndGlobalSection
	GlobalSection(SolutionProperties) = preSolution
		HideSolutionNode = FALSE
	EndGlobalSection
	GlobalSection(NestedProjects) = preSolution
		{C995EA9E-56EE-4951-8260-D94260A7F4C2} = {F0C66F43-4553-484A-AB49-9C16A609A7BE}
		{A523C0E3-097D-4869-977F-15A717EA3E83} = {F0C66F43-4553-484A-AB49-9C16A609A7BE}
		{F7A61858-4830-4F2A-A16B-3C655D85598B} = {F0C66F43-4553-484A-AB49-9C16A609A7BE}
		{05791F34-A9B8-42F3-A18B-4CDA7AF43307} = {F0C66F43-4553-484A-AB49-9C16A609A7BE}
	EndGlobalSection
	GlobalSection(ExtensibilityGlobals) = postSolution
		SolutionGuid = {C5886B26-8567-4EC5-AC74-21D7466CDD3D}
	EndGlobalSection
EndGlobal
