
Microsoft Visual Studio Solution File, Format Version 12.00
# Visual Studio 15
VisualStudioVersion = 15.0.26430.16
MinimumVisualStudioVersion = 10.0.40219.1
Project("{FAE04EC0-301F-11D3-BF4B-00C04F79EFBC}") = "SuperSportDataEngine.Application.Service.SchedulerClient", "SuperSportDataEngine.Application.Service.SchedulerClient\SuperSportDataEngine.Application.Service.SchedulerClient.csproj", "{73B00FC5-F746-4B2D-8B8B-075B22B41F8B}"
EndProject
Project("{FAE04EC0-301F-11D3-BF4B-00C04F79EFBC}") = "SuperSportDataEngine.Application.Service.SchedulerIngestServer", "SuperSportDataEngine.Application.Service.SchedulerIngestServer\SuperSportDataEngine.Application.Service.SchedulerIngestServer.csproj", "{CAA05A7F-7D77-42AB-936B-BA9A23A843D3}"
EndProject
Project("{FAE04EC0-301F-11D3-BF4B-00C04F79EFBC}") = "SuperSportDataEngine.Application.Service.InboundIngestServer", "SuperSportDataEngine.Application.Service.InboundIngestServer\SuperSportDataEngine.Application.Service.InboundIngestServer.csproj", "{E69C3988-4CBB-42C2-8BF8-471ADBC11078}"
EndProject
Project("{FAE04EC0-301F-11D3-BF4B-00C04F79EFBC}") = "SuperSportDataEngine.Application.WebApi.SystemApi", "SuperSportDataEngine.Application.WebApi.SystemApi\SuperSportDataEngine.Application.WebApi.SystemApi.csproj", "{322380EE-E9B2-4374-965C-95D3BD341910}"
EndProject
Project("{FAE04EC0-301F-11D3-BF4B-00C04F79EFBC}") = "SuperSportDataEngine.Application.WebApi.PublicApi", "SuperSportDataEngine.Application.WebApi.PublicApi\SuperSportDataEngine.Application.WebApi.PublicApi.csproj", "{21BA781B-3D74-44E0-B5EE-ADFAD7FE35F4}"
EndProject
Project("{FAE04EC0-301F-11D3-BF4B-00C04F79EFBC}") = "SuperSportDataEngine.Application.WebApi.InboundApi", "SuperSportDataEngine.Application.WebApi.InboundApi\SuperSportDataEngine.Application.WebApi.InboundApi.csproj", "{71B65743-D529-418C-BDB3-94C6F1FE43FD}"
EndProject
Project("{FAE04EC0-301F-11D3-BF4B-00C04F79EFBC}") = "SuperSportDataEngine.Application.WebApi.LegacyFeed", "SuperSportDataEngine.Application.WebApi.LegacyFeed\SuperSportDataEngine.Application.WebApi.LegacyFeed.csproj", "{385B4757-4A74-46DD-95F4-F6424662F8FE}"
EndProject
Project("{FAE04EC0-301F-11D3-BF4B-00C04F79EFBC}") = "SuperSportDataEngine.ApplicationLogic", "SuperSportDataEngine.ApplicationLogic\SuperSportDataEngine.ApplicationLogic.csproj", "{F420939C-B6A6-4C3A-975E-E30E654C4A90}"
EndProject
Project("{FAE04EC0-301F-11D3-BF4B-00C04F79EFBC}") = "SuperSportDataEngine.Common", "SuperSportDataEngine.Common\SuperSportDataEngine.Common.csproj", "{BBE845AF-8B84-4B61-ABD7-724ACA22AB69}"
EndProject
Project("{FAE04EC0-301F-11D3-BF4B-00C04F79EFBC}") = "SuperSportDataEngine.Repository.EntityFramework.PublicSportData", "SuperSportDataEngine.Repository.EntityFramework.PublicSportData\SuperSportDataEngine.Repository.EntityFramework.PublicSportData.csproj", "{F770C6D0-4B92-40D7-A53F-DA1AD9240324}"
EndProject
Project("{FAE04EC0-301F-11D3-BF4B-00C04F79EFBC}") = "SuperSportDataEngine.Repository.EntityFramework.SystemSportData", "SuperSportDataEngine.Repository.EntityFramework.SystemSportData\SuperSportDataEngine.Repository.EntityFramework.SystemSportData.csproj", "{D7820AE4-EFB5-4BDA-B672-FE89A40F468A}"
EndProject
Project("{FAE04EC0-301F-11D3-BF4B-00C04F79EFBC}") = "SuperSportDataEngine.Repository.MongoDb.PayloadData", "SuperSportDataEngine.Repository.MongoDb.PayloadData\SuperSportDataEngine.Repository.MongoDb.PayloadData.csproj", "{BC67A79A-3884-4022-B1B6-04C7C58CFA2D}"
EndProject
Global
	GlobalSection(SolutionConfigurationPlatforms) = preSolution
		Debug|Any CPU = Debug|Any CPU
		Release|Any CPU = Release|Any CPU
	EndGlobalSection
	GlobalSection(ProjectConfigurationPlatforms) = postSolution
		{73B00FC5-F746-4B2D-8B8B-075B22B41F8B}.Debug|Any CPU.ActiveCfg = Debug|Any CPU
		{73B00FC5-F746-4B2D-8B8B-075B22B41F8B}.Debug|Any CPU.Build.0 = Debug|Any CPU
		{73B00FC5-F746-4B2D-8B8B-075B22B41F8B}.Release|Any CPU.ActiveCfg = Release|Any CPU
		{73B00FC5-F746-4B2D-8B8B-075B22B41F8B}.Release|Any CPU.Build.0 = Release|Any CPU
		{CAA05A7F-7D77-42AB-936B-BA9A23A843D3}.Debug|Any CPU.ActiveCfg = Debug|Any CPU
		{CAA05A7F-7D77-42AB-936B-BA9A23A843D3}.Debug|Any CPU.Build.0 = Debug|Any CPU
		{CAA05A7F-7D77-42AB-936B-BA9A23A843D3}.Release|Any CPU.ActiveCfg = Release|Any CPU
		{CAA05A7F-7D77-42AB-936B-BA9A23A843D3}.Release|Any CPU.Build.0 = Release|Any CPU
		{E69C3988-4CBB-42C2-8BF8-471ADBC11078}.Debug|Any CPU.ActiveCfg = Debug|Any CPU
		{E69C3988-4CBB-42C2-8BF8-471ADBC11078}.Debug|Any CPU.Build.0 = Debug|Any CPU
		{E69C3988-4CBB-42C2-8BF8-471ADBC11078}.Release|Any CPU.ActiveCfg = Release|Any CPU
		{E69C3988-4CBB-42C2-8BF8-471ADBC11078}.Release|Any CPU.Build.0 = Release|Any CPU
		{322380EE-E9B2-4374-965C-95D3BD341910}.Debug|Any CPU.ActiveCfg = Debug|Any CPU
		{322380EE-E9B2-4374-965C-95D3BD341910}.Debug|Any CPU.Build.0 = Debug|Any CPU
		{322380EE-E9B2-4374-965C-95D3BD341910}.Release|Any CPU.ActiveCfg = Release|Any CPU
		{322380EE-E9B2-4374-965C-95D3BD341910}.Release|Any CPU.Build.0 = Release|Any CPU
		{21BA781B-3D74-44E0-B5EE-ADFAD7FE35F4}.Debug|Any CPU.ActiveCfg = Debug|Any CPU
		{21BA781B-3D74-44E0-B5EE-ADFAD7FE35F4}.Debug|Any CPU.Build.0 = Debug|Any CPU
		{21BA781B-3D74-44E0-B5EE-ADFAD7FE35F4}.Release|Any CPU.ActiveCfg = Release|Any CPU
		{21BA781B-3D74-44E0-B5EE-ADFAD7FE35F4}.Release|Any CPU.Build.0 = Release|Any CPU
		{71B65743-D529-418C-BDB3-94C6F1FE43FD}.Debug|Any CPU.ActiveCfg = Debug|Any CPU
		{71B65743-D529-418C-BDB3-94C6F1FE43FD}.Debug|Any CPU.Build.0 = Debug|Any CPU
		{71B65743-D529-418C-BDB3-94C6F1FE43FD}.Release|Any CPU.ActiveCfg = Release|Any CPU
		{71B65743-D529-418C-BDB3-94C6F1FE43FD}.Release|Any CPU.Build.0 = Release|Any CPU
		{385B4757-4A74-46DD-95F4-F6424662F8FE}.Debug|Any CPU.ActiveCfg = Debug|Any CPU
		{385B4757-4A74-46DD-95F4-F6424662F8FE}.Debug|Any CPU.Build.0 = Debug|Any CPU
		{385B4757-4A74-46DD-95F4-F6424662F8FE}.Release|Any CPU.ActiveCfg = Release|Any CPU
		{385B4757-4A74-46DD-95F4-F6424662F8FE}.Release|Any CPU.Build.0 = Release|Any CPU
		{F420939C-B6A6-4C3A-975E-E30E654C4A90}.Debug|Any CPU.ActiveCfg = Debug|Any CPU
		{F420939C-B6A6-4C3A-975E-E30E654C4A90}.Debug|Any CPU.Build.0 = Debug|Any CPU
		{F420939C-B6A6-4C3A-975E-E30E654C4A90}.Release|Any CPU.ActiveCfg = Release|Any CPU
		{F420939C-B6A6-4C3A-975E-E30E654C4A90}.Release|Any CPU.Build.0 = Release|Any CPU
		{BBE845AF-8B84-4B61-ABD7-724ACA22AB69}.Debug|Any CPU.ActiveCfg = Debug|Any CPU
		{BBE845AF-8B84-4B61-ABD7-724ACA22AB69}.Debug|Any CPU.Build.0 = Debug|Any CPU
		{BBE845AF-8B84-4B61-ABD7-724ACA22AB69}.Release|Any CPU.ActiveCfg = Release|Any CPU
		{BBE845AF-8B84-4B61-ABD7-724ACA22AB69}.Release|Any CPU.Build.0 = Release|Any CPU
		{F770C6D0-4B92-40D7-A53F-DA1AD9240324}.Debug|Any CPU.ActiveCfg = Debug|Any CPU
		{F770C6D0-4B92-40D7-A53F-DA1AD9240324}.Debug|Any CPU.Build.0 = Debug|Any CPU
		{F770C6D0-4B92-40D7-A53F-DA1AD9240324}.Release|Any CPU.ActiveCfg = Release|Any CPU
		{F770C6D0-4B92-40D7-A53F-DA1AD9240324}.Release|Any CPU.Build.0 = Release|Any CPU
		{D7820AE4-EFB5-4BDA-B672-FE89A40F468A}.Debug|Any CPU.ActiveCfg = Debug|Any CPU
		{D7820AE4-EFB5-4BDA-B672-FE89A40F468A}.Debug|Any CPU.Build.0 = Debug|Any CPU
		{D7820AE4-EFB5-4BDA-B672-FE89A40F468A}.Release|Any CPU.ActiveCfg = Release|Any CPU
		{D7820AE4-EFB5-4BDA-B672-FE89A40F468A}.Release|Any CPU.Build.0 = Release|Any CPU
		{BC67A79A-3884-4022-B1B6-04C7C58CFA2D}.Debug|Any CPU.ActiveCfg = Debug|Any CPU
		{BC67A79A-3884-4022-B1B6-04C7C58CFA2D}.Debug|Any CPU.Build.0 = Debug|Any CPU
		{BC67A79A-3884-4022-B1B6-04C7C58CFA2D}.Release|Any CPU.ActiveCfg = Release|Any CPU
		{BC67A79A-3884-4022-B1B6-04C7C58CFA2D}.Release|Any CPU.Build.0 = Release|Any CPU
	EndGlobalSection
	GlobalSection(SolutionProperties) = preSolution
		HideSolutionNode = FALSE
	EndGlobalSection
EndGlobal
